
Microsoft Visual Studio Solution File, Format Version 12.00
# Visual Studio Version 16
VisualStudioVersion = 16.0.29201.188
MinimumVisualStudioVersion = 10.0.40219.1
Project("{9A19103F-16F7-4668-BE54-9A1E7A4F7556}") = "RT.ArithmeticCoding", "Src\RT.ArithmeticCoding.csproj", "{97A2ACA3-7755-4BC0-9D0D-68CFE34E82B8}"
EndProject
Project("{9A19103F-16F7-4668-BE54-9A1E7A4F7556}") = "RT.ArithmeticCoding.Tests", "Tests\RT.ArithmeticCoding.Tests.csproj", "{4526E337-4B5B-49A2-B016-FA6C32BA09EC}"
EndProject
Global
	GlobalSection(SolutionConfigurationPlatforms) = preSolution
		Debug|Any CPU = Debug|Any CPU
		Release|Any CPU = Release|Any CPU
	EndGlobalSection
	GlobalSection(ProjectConfigurationPlatforms) = postSolution
		{97A2ACA3-7755-4BC0-9D0D-68CFE34E82B8}.Debug|Any CPU.ActiveCfg = Debug|Any CPU
		{97A2ACA3-7755-4BC0-9D0D-68CFE34E82B8}.Debug|Any CPU.Build.0 = Debug|Any CPU
		{97A2ACA3-7755-4BC0-9D0D-68CFE34E82B8}.Release|Any CPU.ActiveCfg = Release|Any CPU
		{97A2ACA3-7755-4BC0-9D0D-68CFE34E82B8}.Release|Any CPU.Build.0 = Release|Any CPU
		{4526E337-4B5B-49A2-B016-FA6C32BA09EC}.Debug|Any CPU.ActiveCfg = Debug|Any CPU
		{4526E337-4B5B-49A2-B016-FA6C32BA09EC}.Debug|Any CPU.Build.0 = Debug|Any CPU
		{4526E337-4B5B-49A2-B016-FA6C32BA09EC}.Release|Any CPU.ActiveCfg = Release|Any CPU
		{4526E337-4B5B-49A2-B016-FA6C32BA09EC}.Release|Any CPU.Build.0 = Release|Any CPU
	EndGlobalSection
	GlobalSection(SolutionProperties) = preSolution
		HideSolutionNode = FALSE
	EndGlobalSection
	GlobalSection(ExtensibilityGlobals) = postSolution
		SolutionGuid = {E63E706F-078E-475C-AA4E-8EA7347F73FC}
	EndGlobalSection
EndGlobal
